
Microsoft Visual Studio Solution File, Format Version 12.00
Project("{FAE04EC0-301F-11D3-BF4B-00C04F79EFBC}") = "Arrays", "Arrays\Arrays.csproj", "{13D9DF72-4552-4266-8054-A8228A2FC7BC}"
EndProject
Project("{FAE04EC0-301F-11D3-BF4B-00C04F79EFBC}") = "Lists1", "Lists1\Lists1.csproj", "{F56C3E33-AC6B-49B8-8814-B607F95BFF79}"
EndProject
Project("{FAE04EC0-301F-11D3-BF4B-00C04F79EFBC}") = "Lists2", "Lists2\Lists2.csproj", "{10277115-3FE6-42BB-AF36-0B4B9505BD2F}"
EndProject
Project("{FAE04EC0-301F-11D3-BF4B-00C04F79EFBC}") = "Imdb", "Imdb\Imdb.csproj", "{2C70BD7B-ABC2-42FB-8DAC-4B1BFCF18595}"
EndProject
Global
	GlobalSection(SolutionConfigurationPlatforms) = preSolution
		Debug|Any CPU = Debug|Any CPU
		Release|Any CPU = Release|Any CPU
	EndGlobalSection
	GlobalSection(ProjectConfigurationPlatforms) = postSolution
		{13D9DF72-4552-4266-8054-A8228A2FC7BC}.Debug|Any CPU.ActiveCfg = Debug|Any CPU
		{13D9DF72-4552-4266-8054-A8228A2FC7BC}.Debug|Any CPU.Build.0 = Debug|Any CPU
		{13D9DF72-4552-4266-8054-A8228A2FC7BC}.Release|Any CPU.ActiveCfg = Release|Any CPU
		{13D9DF72-4552-4266-8054-A8228A2FC7BC}.Release|Any CPU.Build.0 = Release|Any CPU
		{F56C3E33-AC6B-49B8-8814-B607F95BFF79}.Debug|Any CPU.ActiveCfg = Debug|Any CPU
		{F56C3E33-AC6B-49B8-8814-B607F95BFF79}.Debug|Any CPU.Build.0 = Debug|Any CPU
		{F56C3E33-AC6B-49B8-8814-B607F95BFF79}.Release|Any CPU.ActiveCfg = Release|Any CPU
		{F56C3E33-AC6B-49B8-8814-B607F95BFF79}.Release|Any CPU.Build.0 = Release|Any CPU
		{10277115-3FE6-42BB-AF36-0B4B9505BD2F}.Debug|Any CPU.ActiveCfg = Debug|Any CPU
		{10277115-3FE6-42BB-AF36-0B4B9505BD2F}.Debug|Any CPU.Build.0 = Debug|Any CPU
		{10277115-3FE6-42BB-AF36-0B4B9505BD2F}.Release|Any CPU.ActiveCfg = Release|Any CPU
		{10277115-3FE6-42BB-AF36-0B4B9505BD2F}.Release|Any CPU.Build.0 = Release|Any CPU
		{2C70BD7B-ABC2-42FB-8DAC-4B1BFCF18595}.Debug|Any CPU.ActiveCfg = Debug|Any CPU
		{2C70BD7B-ABC2-42FB-8DAC-4B1BFCF18595}.Debug|Any CPU.Build.0 = Debug|Any CPU
		{2C70BD7B-ABC2-42FB-8DAC-4B1BFCF18595}.Release|Any CPU.ActiveCfg = Release|Any CPU
		{2C70BD7B-ABC2-42FB-8DAC-4B1BFCF18595}.Release|Any CPU.Build.0 = Release|Any CPU
	EndGlobalSection
EndGlobal
